<?xml version="1.0" encoding="utf-8"?>
<Project ToolsVersion="4.0" xmlns="http://schemas.microsoft.com/developer/msbuild/2003">
  <ItemGroup>
    <Filter Include="Source Files">
      <UniqueIdentifier>{4FC737F1-C7A5-4376-A066-2A32D752A2FF}</UniqueIdentifier>
      <Extensions>cpp;c;cc;cxx;c++;cppm;ixx;def;odl;idl;hpj;bat;asm;asmx</Extensions>
    </Filter>
    <Filter Include="Header Files">
      <UniqueIdentifier>{93995380-89BD-4b04-88EB-625FBE52EBFB}</UniqueIdentifier>
      <Extensions>h;hh;hpp;hxx;h++;hm;inl;inc;ipp;xsd</Extensions>
    </Filter>
    <Filter Include="Resource Files">
      <UniqueIdentifier>{67DA6AB6-F800-4c08-8B7A-83BB121AAD01}</UniqueIdentifier>
      <Extensions>rc;ico;cur;bmp;dlg;rc2;rct;bin;rgs;gif;jpg;jpeg;jpe;resx;tiff;tif;png;wav;mfcribbon-ms</Extensions>
    </Filter>
  </ItemGroup>
  <ItemGroup>
    <ClCompile Include="BlurrableFramebuffer.cpp">
      <Filter>Source Files</Filter>
    </ClCompile>
    <ClCompile Include="Buffers.cpp">
      <Filter>Source Files</Filter>
    </ClCompile>
    <ClCompile Include="Camera.cpp">
      <Filter>Source Files</Filter>
    </ClCompile>
    <ClCompile Include="CleanupManager.cpp">
      <Filter>Source Files</Filter>
    </ClCompile>
    <ClCompile Include="CommandBuffer.cpp">
      <Filter>Source Files</Filter>
    </ClCompile>
    <ClCompile Include="ComputePipeline.cpp">
      <Filter>Source Files</Filter>
    </ClCompile>
    <ClCompile Include="ConfigParser.cpp">
      <Filter>Source Files</Filter>
    </ClCompile>
    <ClCompile Include="consoleoutput.cpp">
      <Filter>Source Files</Filter>
    </ClCompile>
    <ClCompile Include="Descriptors.cpp">
      <Filter>Source Files</Filter>
    </ClCompile>
    <ClCompile Include="draw.cpp">
      <Filter>Source Files</Filter>
    </ClCompile>
    <ClCompile Include="Framebuffer.cpp">
      <Filter>Source Files</Filter>
    </ClCompile>
    <ClCompile Include="gltf.cpp">
      <Filter>Source Files</Filter>
    </ClCompile>
    <ClCompile Include="GraphicsPipeline.cpp">
      <Filter>Source Files</Filter>
    </ClCompile>
    <ClCompile Include="imagedecode.cpp">
      <Filter>Source Files</Filter>
    </ClCompile>
    <ClCompile Include="imageencode.cpp">
      <Filter>Source Files</Filter>
    </ClCompile>
    <ClCompile Include="ImageManager.cpp">
      <Filter>Source Files</Filter>
    </ClCompile>
    <ClCompile Include="Images.cpp">
      <Filter>Source Files</Filter>
    </ClCompile>
    <ClCompile Include="imagescale.cpp">
      <Filter>Source Files</Filter>
    </ClCompile>
    <ClCompile Include="json.cpp">
      <Filter>Source Files</Filter>
    </ClCompile>
    <ClCompile Include="main.cpp">
      <Filter>Source Files</Filter>
    </ClCompile>
    <ClCompile Include="math2801.cpp">
      <Filter>Source Files</Filter>
    </ClCompile>
    <ClCompile Include="mischelpers.cpp">
      <Filter>Source Files</Filter>
    </ClCompile>
    <ClCompile Include="parseMembers.cpp">
      <Filter>Source Files</Filter>
    </ClCompile>
    <ClCompile Include="Pipeline.cpp">
      <Filter>Source Files</Filter>
    </ClCompile>
    <ClCompile Include="PipelineLayout.cpp">
      <Filter>Source Files</Filter>
    </ClCompile>
    <ClCompile Include="platform.cpp">
      <Filter>Source Files</Filter>
    </ClCompile>
    <ClCompile Include="PushConstants.cpp">
      <Filter>Source Files</Filter>
    </ClCompile>
    <ClCompile Include="RenderPass.cpp">
      <Filter>Source Files</Filter>
    </ClCompile>
    <ClCompile Include="Samplers.cpp">
      <Filter>Source Files</Filter>
    </ClCompile>
    <ClCompile Include="setup.cpp">
      <Filter>Source Files</Filter>
    </ClCompile>
    <ClCompile Include="ShaderManager.cpp">
      <Filter>Source Files</Filter>
    </ClCompile>
    <ClCompile Include="Text.cpp">
      <Filter>Source Files</Filter>
    </ClCompile>
    <ClCompile Include="timeutil.cpp">
      <Filter>Source Files</Filter>
    </ClCompile>
    <ClCompile Include="Uniforms.cpp">
      <Filter>Source Files</Filter>
    </ClCompile>
    <ClCompile Include="update.cpp">
      <Filter>Source Files</Filter>
    </ClCompile>
    <ClCompile Include="utils.cpp">
      <Filter>Source Files</Filter>
    </ClCompile>
    <ClCompile Include="VertexManager.cpp">
      <Filter>Source Files</Filter>
    </ClCompile>
    <ClCompile Include="vk.cpp">
      <Filter>Source Files</Filter>
    </ClCompile>
    <ClCompile Include="vkhelpers.cpp">
      <Filter>Source Files</Filter>
    </ClCompile>
    <ClCompile Include="ext\json11.cpp">
      <Filter>Source Files</Filter>
    </ClCompile>
  </ItemGroup>
  <ItemGroup>
    <ClInclude Include="BlurrableFramebuffer.h">
      <Filter>Source Files</Filter>
    </ClInclude>
    <ClInclude Include="Buffers.h">
      <Filter>Source Files</Filter>
    </ClInclude>
    <ClInclude Include="Camera.h">
      <Filter>Source Files</Filter>
    </ClInclude>
    <ClInclude Include="CleanupManager.h">
      <Filter>Source Files</Filter>
    </ClInclude>
    <ClInclude Include="CommandBuffer.h">
      <Filter>Source Files</Filter>
    </ClInclude>
    <ClInclude Include="ComputePipeline.h">
      <Filter>Source Files</Filter>
    </ClInclude>
    <ClInclude Include="ConfigParser.h">
      <Filter>Source Files</Filter>
    </ClInclude>
    <ClInclude Include="consoleoutput.h">
      <Filter>Source Files</Filter>
    </ClInclude>
    <ClInclude Include="Descriptors.h">
      <Filter>Source Files</Filter>
    </ClInclude>
    <ClInclude Include="DescriptorSetEntry.h">
      <Filter>Source Files</Filter>
    </ClInclude>
    <ClInclude Include="draw.h">
      <Filter>Source Files</Filter>
    </ClInclude>
    <ClInclude Include="Framebuffer.h">
      <Filter>Source Files</Filter>
    </ClInclude>
    <ClInclude Include="Framework.h">
      <Filter>Source Files</Filter>
    </ClInclude>
    <ClInclude Include="Globals.h">
      <Filter>Source Files</Filter>
    </ClInclude>
    <ClInclude Include="gltf.h">
      <Filter>Source Files</Filter>
    </ClInclude>
    <ClInclude Include="GraphicsPipeline.h">
      <Filter>Source Files</Filter>
    </ClInclude>
    <ClInclude Include="imagedecode.h">
      <Filter>Source Files</Filter>
    </ClInclude>
    <ClInclude Include="imageencode.h">
      <Filter>Source Files</Filter>
    </ClInclude>
    <ClInclude Include="ImageManager.h">
      <Filter>Source Files</Filter>
    </ClInclude>
    <ClInclude Include="Images.h">
      <Filter>Source Files</Filter>
    </ClInclude>
    <ClInclude Include="imagescale.h">
      <Filter>Source Files</Filter>
    </ClInclude>
    <ClInclude Include="json.h">
      <Filter>Source Files</Filter>
    </ClInclude>
    <ClInclude Include="Light.h">
      <Filter>Source Files</Filter>
    </ClInclude>
    <ClInclude Include="math2801.h">
      <Filter>Source Files</Filter>
    </ClInclude>
    <ClInclude Include="mischelpers.h">
      <Filter>Source Files</Filter>
    </ClInclude>
    <ClInclude Include="parseMembers.h">
      <Filter>Source Files</Filter>
    </ClInclude>
    <ClInclude Include="Pipeline.h">
      <Filter>Source Files</Filter>
    </ClInclude>
    <ClInclude Include="PipelineLayout.h">
      <Filter>Source Files</Filter>
    </ClInclude>
    <ClInclude Include="platform.h">
      <Filter>Source Files</Filter>
    </ClInclude>
    <ClInclude Include="PushConstants.h">
      <Filter>Source Files</Filter>
    </ClInclude>
    <ClInclude Include="RenderPass.h">
      <Filter>Source Files</Filter>
    </ClInclude>
    <ClInclude Include="Samplers.h">
      <Filter>Source Files</Filter>
    </ClInclude>
    <ClInclude Include="setup.h">
      <Filter>Source Files</Filter>
    </ClInclude>
    <ClInclude Include="ShaderManager.h">
      <Filter>Source Files</Filter>
    </ClInclude>
    <ClInclude Include="Stopwatch.h">
      <Filter>Source Files</Filter>
    </ClInclude>
    <ClInclude Include="Text.h">
      <Filter>Source Files</Filter>
    </ClInclude>
    <ClInclude Include="timeutil.h">
      <Filter>Source Files</Filter>
    </ClInclude>
    <ClInclude Include="Uniforms.h">
      <Filter>Source Files</Filter>
    </ClInclude>
    <ClInclude Include="update.h">
      <Filter>Source Files</Filter>
    </ClInclude>
    <ClInclude Include="utils.h">
      <Filter>Source Files</Filter>
    </ClInclude>
    <ClInclude Include="VertexManager.h">
      <Filter>Source Files</Filter>
    </ClInclude>
    <ClInclude Include="vk.h">
      <Filter>Source Files</Filter>
    </ClInclude>
    <ClInclude Include="vkhelpers.h">
      <Filter>Source Files</Filter>
    </ClInclude>
    <ClInclude Include="ext\json11.h">
      <Filter>Source Files</Filter>
    </ClInclude>
    <ClInclude Include="ext\stb_image.h">
      <Filter>Source Files</Filter>
    </ClInclude>
    <ClInclude Include="ext\stb_image_resize.h">
      <Filter>Source Files</Filter>
    </ClInclude>
    <ClInclude Include="ext\stb_image_write.h">
      <Filter>Source Files</Filter>
    </ClInclude>
    <ClInclude Include="shaders\importantconstants.h">
      <Filter>Source Files</Filter>
    </ClInclude>
  </ItemGroup>
  <ItemGroup>
    <None Include="shaders\main.frag">
      <Filter>Source Files</Filter>
    </None>
    <None Include="shaders\main.vert">
      <Filter>Source Files</Filter>
    </None>
    <None Include="shaders\sky.frag">
      <Filter>Source Files</Filter>
    </None>
    <None Include="shaders\sky.vert">
      <Filter>Source Files</Filter>
    </None>
    <None Include="shaders\text.frag">
      <Filter>Source Files</Filter>
    </None>
    <None Include="shaders\text.vert">
      <Filter>Source Files</Filter>
    </None>
  </ItemGroup>
  <ItemGroup>
    <Text Include="shaders\pushconstants.txt">
      <Filter>Source Files</Filter>
    </Text>
    <Text Include="shaders\textpushconstants.txt">
      <Filter>Source Files</Filter>
    </Text>
    <Text Include="shaders\uniforms.txt">
      <Filter>Source Files</Filter>
    </Text>
  </ItemGroup>
</Project>